
Microsoft Visual Studio Solution File, Format Version 12.00
# Visual Studio Version 17
VisualStudioVersion = 17.0.31903.59
MinimumVisualStudioVersion = 10.0.40219.1
Project("{9A19103F-16F7-4668-BE54-9A1E7A4F7556}") = "NameSorter.App", "NameSorter.App\NameSorter.App.csproj", "{BAFF89A9-F8F4-4CA7-9B0B-050492AEFCC5}"
EndProject
Project("{9A19103F-16F7-4668-BE54-9A1E7A4F7556}") = "NameSorter.Tests", "NameSorter.Tests\NameSorter.Tests.csproj", "{1F7F1C70-483B-4624-9EB0-B98C089284E9}"
EndProject
Project("{2150E333-8FDC-42A3-9474-1A3956D46DE8}") = ".github", ".github", "{16FA5A0D-6B2F-4AE9-B4BE-014AD0BF86F7}"
EndProject
Project("{2150E333-8FDC-42A3-9474-1A3956D46DE8}") = "workflow", "workflow", "{435420D5-A13C-452A-82AD-B81C15024903}"
	ProjectSection(SolutionItems) = preProject
		dotnet.yml = dotnet.yml
	EndProjectSection
EndProject
Project("{2150E333-8FDC-42A3-9474-1A3956D46DE8}") = "Solution Items", "Solution Items", "{EF70C0F0-A012-4967-B68A-B23A17E24547}"
	ProjectSection(SolutionItems) = preProject
		.gitignore = .gitignore
	EndProjectSection
EndProject
Global
	GlobalSection(SolutionConfigurationPlatforms) = preSolution
		Debug|Any CPU = Debug|Any CPU
		Release|Any CPU = Release|Any CPU
	EndGlobalSection
	GlobalSection(ProjectConfigurationPlatforms) = postSolution
		{BAFF89A9-F8F4-4CA7-9B0B-050492AEFCC5}.Debug|Any CPU.ActiveCfg = Debug|Any CPU
		{BAFF89A9-F8F4-4CA7-9B0B-050492AEFCC5}.Debug|Any CPU.Build.0 = Debug|Any CPU
		{BAFF89A9-F8F4-4CA7-9B0B-050492AEFCC5}.Release|Any CPU.ActiveCfg = Release|Any CPU
		{BAFF89A9-F8F4-4CA7-9B0B-050492AEFCC5}.Release|Any CPU.Build.0 = Release|Any CPU
		{1F7F1C70-483B-4624-9EB0-B98C089284E9}.Debug|Any CPU.ActiveCfg = Debug|Any CPU
		{1F7F1C70-483B-4624-9EB0-B98C089284E9}.Debug|Any CPU.Build.0 = Debug|Any CPU
		{1F7F1C70-483B-4624-9EB0-B98C089284E9}.Release|Any CPU.ActiveCfg = Release|Any CPU
		{1F7F1C70-483B-4624-9EB0-B98C089284E9}.Release|Any CPU.Build.0 = Release|Any CPU
	EndGlobalSection
	GlobalSection(SolutionProperties) = preSolution
		HideSolutionNode = FALSE
	EndGlobalSection
	GlobalSection(NestedProjects) = preSolution
		{435420D5-A13C-452A-82AD-B81C15024903} = {16FA5A0D-6B2F-4AE9-B4BE-014AD0BF86F7}
	EndGlobalSection
	GlobalSection(ExtensibilityGlobals) = postSolution
		SolutionGuid = {6DEC62D6-A4BD-4001-9940-5C9A25295CE4}
	EndGlobalSection
EndGlobal
